
Microsoft Visual Studio Solution File, Format Version 12.00
# Visual Studio Version 17
VisualStudioVersion = 17.5.33414.496
MinimumVisualStudioVersion = 10.0.40219.1
Project("{FAE04EC0-301F-11D3-BF4B-00C04F79EFBC}") = "API", "API\API.csproj", "{EA621A7D-690A-4F41-B57C-DD1F26D1D593}"
EndProject
Global
	GlobalSection(SolutionConfigurationPlatforms) = preSolution
		Debug|Any CPU = Debug|Any CPU
		Release|Any CPU = Release|Any CPU
	EndGlobalSection
	GlobalSection(ProjectConfigurationPlatforms) = postSolution
		{EA621A7D-690A-4F41-B57C-DD1F26D1D593}.Debug|Any CPU.ActiveCfg = Debug|Any CPU
		{EA621A7D-690A-4F41-B57C-DD1F26D1D593}.Debug|Any CPU.Build.0 = Debug|Any CPU
		{EA621A7D-690A-4F41-B57C-DD1F26D1D593}.Release|Any CPU.ActiveCfg = Release|Any CPU
		{EA621A7D-690A-4F41-B57C-DD1F26D1D593}.Release|Any CPU.Build.0 = Release|Any CPU
	EndGlobalSection
	GlobalSection(SolutionProperties) = preSolution
		HideSolutionNode = FALSE
	EndGlobalSection
	GlobalSection(ExtensibilityGlobals) = postSolution
		SolutionGuid = {FE5A4813-B019-4ADF-8A94-6CAB7E3764CC}
	EndGlobalSection
EndGlobal
